
Microsoft Visual Studio Solution File, Format Version 12.00
# Visual Studio 15
VisualStudioVersion = 15.0.28307.960
MinimumVisualStudioVersion = 10.0.40219.1
Project("{FAE04EC0-301F-11D3-BF4B-00C04F79EFBC}") = "AutomationFramework_SED", "AutomationFramework_SED\AutomationFramework_SED.csproj", "{9F826988-92CA-488B-ADC4-FCC190268639}"
EndProject
Global
	GlobalSection(SolutionConfigurationPlatforms) = preSolution
		Debug|Any CPU = Debug|Any CPU
		Release|Any CPU = Release|Any CPU
	EndGlobalSection
	GlobalSection(ProjectConfigurationPlatforms) = postSolution
		{9F826988-92CA-488B-ADC4-FCC190268639}.Debug|Any CPU.ActiveCfg = Debug|Any CPU
		{9F826988-92CA-488B-ADC4-FCC190268639}.Debug|Any CPU.Build.0 = Debug|Any CPU
		{9F826988-92CA-488B-ADC4-FCC190268639}.Release|Any CPU.ActiveCfg = Release|Any CPU
		{9F826988-92CA-488B-ADC4-FCC190268639}.Release|Any CPU.Build.0 = Release|Any CPU
	EndGlobalSection
	GlobalSection(SolutionProperties) = preSolution
		HideSolutionNode = FALSE
	EndGlobalSection
	GlobalSection(ExtensibilityGlobals) = postSolution
		SolutionGuid = {2D50EE5F-05DC-4DCD-B65F-801DA17C5076}
	EndGlobalSection
EndGlobal
